
Microsoft Visual Studio Solution File, Format Version 12.00
# Visual Studio Version 17
VisualStudioVersion = 17.8.34330.188
MinimumVisualStudioVersion = 10.0.40219.1
Project("{9A19103F-16F7-4668-BE54-9A1E7A4F7556}") = "EduPlatform.UserService", "EduPlatform.UserService\EduPlatform.UserService.csproj", "{035E9784-2C68-47D5-A500-AE30CED8CD15}"
EndProject
Project("{FAE04EC0-301F-11D3-BF4B-00C04F79EFBC}") = "EduPlatform.Entry", "EduPlatform.Entry\EduPlatform.Entry.csproj", "{0E207C11-D4C2-4648-AD63-7F286AE0D6B6}"
EndProject
Project("{FAE04EC0-301F-11D3-BF4B-00C04F79EFBC}") = "EduPlatform.TaskService", "EduPlatform.TaskService\EduPlatform.TaskService.csproj", "{50128856-6348-4FDD-899D-05FB8606ADF6}"
EndProject
Global
	GlobalSection(SolutionConfigurationPlatforms) = preSolution
		Debug|Any CPU = Debug|Any CPU
		Release|Any CPU = Release|Any CPU
	EndGlobalSection
	GlobalSection(ProjectConfigurationPlatforms) = postSolution
		{035E9784-2C68-47D5-A500-AE30CED8CD15}.Debug|Any CPU.ActiveCfg = Debug|Any CPU
		{035E9784-2C68-47D5-A500-AE30CED8CD15}.Debug|Any CPU.Build.0 = Debug|Any CPU
		{035E9784-2C68-47D5-A500-AE30CED8CD15}.Release|Any CPU.ActiveCfg = Release|Any CPU
		{035E9784-2C68-47D5-A500-AE30CED8CD15}.Release|Any CPU.Build.0 = Release|Any CPU
		{0E207C11-D4C2-4648-AD63-7F286AE0D6B6}.Debug|Any CPU.ActiveCfg = Debug|Any CPU
		{0E207C11-D4C2-4648-AD63-7F286AE0D6B6}.Debug|Any CPU.Build.0 = Debug|Any CPU
		{0E207C11-D4C2-4648-AD63-7F286AE0D6B6}.Release|Any CPU.ActiveCfg = Release|Any CPU
		{0E207C11-D4C2-4648-AD63-7F286AE0D6B6}.Release|Any CPU.Build.0 = Release|Any CPU
		{50128856-6348-4FDD-899D-05FB8606ADF6}.Debug|Any CPU.ActiveCfg = Debug|Any CPU
		{50128856-6348-4FDD-899D-05FB8606ADF6}.Debug|Any CPU.Build.0 = Debug|Any CPU
		{50128856-6348-4FDD-899D-05FB8606ADF6}.Release|Any CPU.ActiveCfg = Release|Any CPU
		{50128856-6348-4FDD-899D-05FB8606ADF6}.Release|Any CPU.Build.0 = Release|Any CPU
	EndGlobalSection
	GlobalSection(SolutionProperties) = preSolution
		HideSolutionNode = FALSE
	EndGlobalSection
	GlobalSection(ExtensibilityGlobals) = postSolution
		SolutionGuid = {B17049AB-8F11-4D0C-8C1A-D3B11DC5A4AE}
	EndGlobalSection
EndGlobal
